
Microsoft Visual Studio Solution File, Format Version 12.00
# Visual Studio Version 16
VisualStudioVersion = 16.0.31313.79
MinimumVisualStudioVersion = 10.0.40219.1
Project("{FAE04EC0-301F-11D3-BF4B-00C04F79EFBC}") = "OkonkwoOandaV20Tests", "OkonkwoOandaV20Tests\OkonkwoOandaV20Tests.csproj", "{14A55170-5F71-49A4-BEA5-4B635EC5AF6F}"
EndProject
Project("{FAE04EC0-301F-11D3-BF4B-00C04F79EFBC}") = "OkonkwoOandaV20App", "OkonkwoOandaV20App\OkonkwoOandaV20App.csproj", "{0954AFB1-E5AC-4BC4-AA66-E35BF14A082B}"
EndProject
Project("{FAE04EC0-301F-11D3-BF4B-00C04F79EFBC}") = "OkonkwoOandaV20", "OkonkwoOandaV20\OkonkwoOandaV20.csproj", "{87A5A780-B46F-478D-8E24-B9D3F77CCBAF}"
EndProject
Global
	GlobalSection(SolutionConfigurationPlatforms) = preSolution
		Debug|Any CPU = Debug|Any CPU
		Release|Any CPU = Release|Any CPU
	EndGlobalSection
	GlobalSection(ProjectConfigurationPlatforms) = postSolution
		{14A55170-5F71-49A4-BEA5-4B635EC5AF6F}.Debug|Any CPU.ActiveCfg = Debug|Any CPU
		{14A55170-5F71-49A4-BEA5-4B635EC5AF6F}.Debug|Any CPU.Build.0 = Debug|Any CPU
		{14A55170-5F71-49A4-BEA5-4B635EC5AF6F}.Release|Any CPU.ActiveCfg = Release|Any CPU
		{14A55170-5F71-49A4-BEA5-4B635EC5AF6F}.Release|Any CPU.Build.0 = Release|Any CPU
		{0954AFB1-E5AC-4BC4-AA66-E35BF14A082B}.Debug|Any CPU.ActiveCfg = Debug|Any CPU
		{0954AFB1-E5AC-4BC4-AA66-E35BF14A082B}.Debug|Any CPU.Build.0 = Debug|Any CPU
		{0954AFB1-E5AC-4BC4-AA66-E35BF14A082B}.Release|Any CPU.ActiveCfg = Release|Any CPU
		{0954AFB1-E5AC-4BC4-AA66-E35BF14A082B}.Release|Any CPU.Build.0 = Release|Any CPU
		{87A5A780-B46F-478D-8E24-B9D3F77CCBAF}.Debug|Any CPU.ActiveCfg = Debug|Any CPU
		{87A5A780-B46F-478D-8E24-B9D3F77CCBAF}.Debug|Any CPU.Build.0 = Debug|Any CPU
		{87A5A780-B46F-478D-8E24-B9D3F77CCBAF}.Release|Any CPU.ActiveCfg = Release|Any CPU
		{87A5A780-B46F-478D-8E24-B9D3F77CCBAF}.Release|Any CPU.Build.0 = Release|Any CPU
	EndGlobalSection
	GlobalSection(SolutionProperties) = preSolution
		HideSolutionNode = FALSE
	EndGlobalSection
	GlobalSection(ExtensibilityGlobals) = postSolution
		SolutionGuid = {A11D351F-DE2A-4BC0-8777-FE11033ED2E0}
	EndGlobalSection
EndGlobal
